{
  "requires": true,
  "lockfileVersion": 1,
  "dependencies": {
    "aframe-teleport-controls": {
      "version": "0.3.1",
      "resolved": "https://registry.npmjs.org/aframe-teleport-controls/-/aframe-teleport-controls-0.3.1.tgz",
      "integrity": "sha1-fX7yBvSD6pJCWmMzsPj7JslZbRw="
    }
  }
}
